
Microsoft Visual Studio Solution File, Format Version 12.00
# Visual Studio Version 17
VisualStudioVersion = 17.0.32112.339
MinimumVisualStudioVersion = 10.0.40219.1
Project("{FAE04EC0-301F-11D3-BF4B-00C04F79EFBC}") = "Bookfiy.Api", "Bookfiy.api\Bookfiy.Api.csproj", "{4C409793-5257-4F8C-904A-A862518F1959}"
EndProject
Project("{FAE04EC0-301F-11D3-BF4B-00C04F79EFBC}") = "Bookfiy.Core", "Bookfiy.core\Bookfiy.Core.csproj", "{0B3ABAE4-AFD5-4177-914E-AB3E86888CF9}"
EndProject
Project("{FAE04EC0-301F-11D3-BF4B-00C04F79EFBC}") = "Bookfiy.EF", "Bookfiy.EF\Bookfiy.EF.csproj", "{C1292C78-0074-4278-AF73-D666C59212B7}"
EndProject
Global
	GlobalSection(SolutionConfigurationPlatforms) = preSolution
		Debug|Any CPU = Debug|Any CPU
		Release|Any CPU = Release|Any CPU
	EndGlobalSection
	GlobalSection(ProjectConfigurationPlatforms) = postSolution
		{4C409793-5257-4F8C-904A-A862518F1959}.Debug|Any CPU.ActiveCfg = Debug|Any CPU
		{4C409793-5257-4F8C-904A-A862518F1959}.Debug|Any CPU.Build.0 = Debug|Any CPU
		{4C409793-5257-4F8C-904A-A862518F1959}.Release|Any CPU.ActiveCfg = Release|Any CPU
		{4C409793-5257-4F8C-904A-A862518F1959}.Release|Any CPU.Build.0 = Release|Any CPU
		{0B3ABAE4-AFD5-4177-914E-AB3E86888CF9}.Debug|Any CPU.ActiveCfg = Debug|Any CPU
		{0B3ABAE4-AFD5-4177-914E-AB3E86888CF9}.Debug|Any CPU.Build.0 = Debug|Any CPU
		{0B3ABAE4-AFD5-4177-914E-AB3E86888CF9}.Release|Any CPU.ActiveCfg = Release|Any CPU
		{0B3ABAE4-AFD5-4177-914E-AB3E86888CF9}.Release|Any CPU.Build.0 = Release|Any CPU
		{C1292C78-0074-4278-AF73-D666C59212B7}.Debug|Any CPU.ActiveCfg = Debug|Any CPU
		{C1292C78-0074-4278-AF73-D666C59212B7}.Debug|Any CPU.Build.0 = Debug|Any CPU
		{C1292C78-0074-4278-AF73-D666C59212B7}.Release|Any CPU.ActiveCfg = Release|Any CPU
		{C1292C78-0074-4278-AF73-D666C59212B7}.Release|Any CPU.Build.0 = Release|Any CPU
	EndGlobalSection
	GlobalSection(SolutionProperties) = preSolution
		HideSolutionNode = FALSE
	EndGlobalSection
	GlobalSection(ExtensibilityGlobals) = postSolution
		SolutionGuid = {BD871ACD-6D6A-4476-849E-0A498ADCAE65}
	EndGlobalSection
EndGlobal
